{
  "version": "4",
  "specifiers": {
    "jsr:@hono/hono@^4.6.17": "4.6.17",
    "npm:create-hono@*": "0.14.3"
  },
  "jsr": {
    "@hono/hono@4.6.17": {
      "integrity": "932fcc61d043b14a8b2cb65242716eb32da44e91f2ee117fd7390508669fea31"
    }
  },
  "npm": {
    "create-hono@0.14.3": {
      "integrity": "sha512-CuZJAj6dmqAwmTdPM5iFl5vQAD5at6aBKnEaiP5zUYNuiInMtalSXDrMj79lmcdJD/hXNsQf14upMx2se7ZVxA=="
    }
  },
  "workspace": {
    "dependencies": [
      "jsr:@hono/hono@^4.6.17"
    ]
  }
}
